{
  "version": 4,
  "terraform_version": "1.5.3",
  "serial": 25,
  "lineage": "90829d17-5a58-af2b-3cff-6a17ade2c66d",
  "outputs": {},
  "resources": [
    {
      "mode": "managed",
      "type": "tfe_organization",
      "name": "the-funky-terraformers",
      "provider": "provider[\"registry.terraform.io/hashicorp/tfe\"]",
      "instances": [
        {
          "schema_version": 0,
          "attributes": {
            "aggregated_commit_status_enabled": true,
            "allow_force_delete_workspaces": false,
            "assessments_enforced": false,
            "collaborator_auth_policy": "password",
            "cost_estimation_enabled": false,
            "default_project_id": "prj-Mvc4Y2ReoNpnRCsY",
            "email": "xx@xx.com",
            "id": "the-funky-organization",
            "name": "the-funky-organization",
            "owners_team_saml_role_id": "",
            "send_passing_statuses_for_untriggered_speculative_plans": false,
            "session_remember_minutes": 0,
            "session_timeout_minutes": 0,
            "speculative_plan_management_enabled": true
          },
          "sensitive_attributes": [],
          "private": "bnVsbA=="
        }
      ]
    },
    {
      "mode": "managed",
      "type": "tfe_project",
      "name": "interview-task-project",
      "provider": "provider[\"registry.terraform.io/hashicorp/tfe\"]",
      "instances": [
        {
          "schema_version": 0,
          "attributes": {
            "description": "",
            "id": "prj-mTpTdsyMEKUwURZu",
            "name": "interview-task-project",
            "organization": "the-funky-organization"
          },
          "sensitive_attributes": [],
          "private": "bnVsbA==",
          "dependencies": [
            "tfe_organization.the-funky-terraformers"
          ]
        }
      ]
    },
    {
      "mode": "managed",
      "type": "tfe_workspace",
      "name": "parent",
      "provider": "provider[\"registry.terraform.io/hashicorp/tfe\"]",
      "instances": [
        {
          "index_key": 0,
          "schema_version": 1,
          "attributes": {
            "agent_pool_id": "",
            "allow_destroy_plan": true,
            "assessments_enabled": false,
            "auto_apply": false,
            "auto_apply_run_trigger": false,
            "auto_destroy_activity_duration": null,
            "auto_destroy_at": "",
            "description": "",
            "execution_mode": "remote",
            "file_triggers_enabled": true,
            "force_delete": false,
            "global_remote_state": false,
            "html_url": "https://app.terraform.io/app/the-funky-organization/workspaces/parent-1",
            "id": "ws-VEfLzbTu6hsBMXyN",
            "ignore_additional_tag_names": null,
            "name": "parent-1",
            "operations": true,
            "organization": "the-funky-organization",
            "project_id": "prj-mTpTdsyMEKUwURZu",
            "queue_all_runs": true,
            "remote_state_consumer_ids": [],
            "resource_count": 0,
            "source_name": "",
            "source_url": "",
            "speculative_enabled": true,
            "ssh_key_id": "",
            "structured_run_output_enabled": true,
            "tag_names": [],
            "terraform_version": "1.10.0",
            "trigger_patterns": [],
            "trigger_prefixes": [],
            "vcs_repo": [],
            "working_directory": ""
          },
          "sensitive_attributes": [],
          "private": "eyJzY2hlbWFfdmVyc2lvbiI6IjEifQ==",
          "dependencies": [
            "tfe_organization.the-funky-terraformers",
            "tfe_project.interview-task-project"
          ]
        },
        {
          "index_key": 1,
          "schema_version": 1,
          "attributes": {
            "agent_pool_id": "",
            "allow_destroy_plan": true,
            "assessments_enabled": false,
            "auto_apply": false,
            "auto_apply_run_trigger": false,
            "auto_destroy_activity_duration": null,
            "auto_destroy_at": "",
            "description": "",
            "execution_mode": "remote",
            "file_triggers_enabled": true,
            "force_delete": false,
            "global_remote_state": false,
            "html_url": "https://app.terraform.io/app/the-funky-organization/workspaces/parent-2",
            "id": "ws-FptXqQ3fSmFKJrQE",
            "ignore_additional_tag_names": null,
            "name": "parent-2",
            "operations": true,
            "organization": "the-funky-organization",
            "project_id": "prj-mTpTdsyMEKUwURZu",
            "queue_all_runs": true,
            "remote_state_consumer_ids": [],
            "resource_count": 0,
            "source_name": "",
            "source_url": "",
            "speculative_enabled": true,
            "ssh_key_id": "",
            "structured_run_output_enabled": true,
            "tag_names": [],
            "terraform_version": "1.10.0",
            "trigger_patterns": [],
            "trigger_prefixes": [],
            "vcs_repo": [],
            "working_directory": ""
          },
          "sensitive_attributes": [],
          "private": "eyJzY2hlbWFfdmVyc2lvbiI6IjEifQ==",
          "dependencies": [
            "tfe_organization.the-funky-terraformers",
            "tfe_project.interview-task-project"
          ]
        },
        {
          "index_key": 2,
          "schema_version": 1,
          "attributes": {
            "agent_pool_id": "",
            "allow_destroy_plan": true,
            "assessments_enabled": false,
            "auto_apply": false,
            "auto_apply_run_trigger": false,
            "auto_destroy_activity_duration": null,
            "auto_destroy_at": "",
            "description": "",
            "execution_mode": "remote",
            "file_triggers_enabled": true,
            "force_delete": false,
            "global_remote_state": false,
            "html_url": "https://app.terraform.io/app/the-funky-organization/workspaces/parent-3",
            "id": "ws-C9hRmNAfABPpVhBm",
            "ignore_additional_tag_names": null,
            "name": "parent-3",
            "operations": true,
            "organization": "the-funky-organization",
            "project_id": "prj-mTpTdsyMEKUwURZu",
            "queue_all_runs": true,
            "remote_state_consumer_ids": [],
            "resource_count": 0,
            "source_name": "",
            "source_url": "",
            "speculative_enabled": true,
            "ssh_key_id": "",
            "structured_run_output_enabled": true,
            "tag_names": [],
            "terraform_version": "1.10.0",
            "trigger_patterns": [],
            "trigger_prefixes": [],
            "vcs_repo": [],
            "working_directory": ""
          },
          "sensitive_attributes": [],
          "private": "eyJzY2hlbWFfdmVyc2lvbiI6IjEifQ==",
          "dependencies": [
            "tfe_organization.the-funky-terraformers",
            "tfe_project.interview-task-project"
          ]
        }
      ]
    }
  ],
  "check_results": null
}
